Microsoft Visual Studio Solution File, Format Version 12.00
# Visual Studio 15
VisualStudioVersion = 15.0.26430.13
MinimumVisualStudioVersion = 10.0.40219.1
Project("{9A19103F-16F7-4668-BE54-9A1E7A4F7556}") = "TemperatureMonitorModels", "HumidityMonitorModels\TemperatureMonitorModels.csproj", "{37A07589-8893-41A1-A840-670A1462F715}"
EndProject
Project("{9A19103F-16F7-4668-BE54-9A1E7A4F7556}") = "TemperatureMonitorApi", "HumidityMonitorApi\TemperatureMonitorApi.csproj", "{5DB3B015-D0A3-4D6E-BE7F-2F89EE1BE837}"
EndProject
Project("{FAE04EC0-301F-11D3-BF4B-00C04F79EFBC}") = "TemperatureLogger", "HumidityLogger\TemperatureLogger.csproj", "{FFFD5DDA-5D79-4576-A9DD-7F46D2374AC9}"
EndProject
Project("{FAE04EC0-301F-11D3-BF4B-00C04F79EFBC}") = "TemperatureLoggerActions", "HumidityLoggerActions\TemperatureLoggerActions.csproj", "{647195C6-E969-49BC-ABEB-B30CE86690C2}"
EndProject
Global
	GlobalSection(SolutionConfigurationPlatforms) = preSolution
		Debug|Any CPU = Debug|Any CPU
		Debug|ARM = Debug|ARM
		Debug|iPhone = Debug|iPhone
		Debug|iPhoneSimulator = Debug|iPhoneSimulator
		Debug|x64 = Debug|x64
		Debug|x86 = Debug|x86
		Release|Any CPU = Release|Any CPU
		Release|ARM = Release|ARM
		Release|iPhone = Release|iPhone
		Release|iPhoneSimulator = Release|iPhoneSimulator
		Release|x64 = Release|x64
		Release|x86 = Release|x86
	EndGlobalSection
	GlobalSection(ProjectConfigurationPlatforms) = postSolution
		{37A07589-8893-41A1-A840-670A1462F715}.Debug|Any CPU.ActiveCfg = Debug|Any CPU
		{37A07589-8893-41A1-A840-670A1462F715}.Debug|Any CPU.Build.0 = Debug|Any CPU
		{37A07589-8893-41A1-A840-670A1462F715}.Debug|ARM.ActiveCfg = Debug|Any CPU
		{37A07589-8893-41A1-A840-670A1462F715}.Debug|ARM.Build.0 = Debug|Any CPU
		{37A07589-8893-41A1-A840-670A1462F715}.Debug|iPhone.ActiveCfg = Debug|Any CPU
		{37A07589-8893-41A1-A840-670A1462F715}.Debug|iPhone.Build.0 = Debug|Any CPU
		{37A07589-8893-41A1-A840-670A1462F715}.Debug|iPhoneSimulator.ActiveCfg = Debug|Any CPU
		{37A07589-8893-41A1-A840-670A1462F715}.Debug|iPhoneSimulator.Build.0 = Debug|Any CPU
		{37A07589-8893-41A1-A840-670A1462F715}.Debug|x64.ActiveCfg = Debug|Any CPU
		{37A07589-8893-41A1-A840-670A1462F715}.Debug|x64.Build.0 = Debug|Any CPU
		{37A07589-8893-41A1-A840-670A1462F715}.Debug|x86.ActiveCfg = Debug|Any CPU
		{37A07589-8893-41A1-A840-670A1462F715}.Debug|x86.Build.0 = Debug|Any CPU
		{37A07589-8893-41A1-A840-670A1462F715}.Release|Any CPU.ActiveCfg = Release|Any CPU
		{37A07589-8893-41A1-A840-670A1462F715}.Release|Any CPU.Build.0 = Release|Any CPU
		{37A07589-8893-41A1-A840-670A1462F715}.Release|ARM.ActiveCfg = Release|Any CPU
		{37A07589-8893-41A1-A840-670A1462F715}.Release|ARM.Build.0 = Release|Any CPU
		{37A07589-8893-41A1-A840-670A1462F715}.Release|iPhone.ActiveCfg = Release|Any CPU
		{37A07589-8893-41A1-A840-670A1462F715}.Release|iPhone.Build.0 = Release|Any CPU
		{37A07589-8893-41A1-A840-670A1462F715}.Release|iPhoneSimulator.ActiveCfg = Release|Any CPU
		{37A07589-8893-41A1-A840-670A1462F715}.Release|iPhoneSimulator.Build.0 = Release|Any CPU
		{37A07589-8893-41A1-A840-670A1462F715}.Release|x64.ActiveCfg = Release|Any CPU
		{37A07589-8893-41A1-A840-670A1462F715}.Release|x64.Build.0 = Release|Any CPU
		{37A07589-8893-41A1-A840-670A1462F715}.Release|x86.ActiveCfg = Release|Any CPU
		{37A07589-8893-41A1-A840-670A1462F715}.Release|x86.Build.0 = Release|Any CPU
		{5DB3B015-D0A3-4D6E-BE7F-2F89EE1BE837}.Debug|Any CPU.ActiveCfg = Debug|Any CPU
		{5DB3B015-D0A3-4D6E-BE7F-2F89EE1BE837}.Debug|Any CPU.Build.0 = Debug|Any CPU
		{5DB3B015-D0A3-4D6E-BE7F-2F89EE1BE837}.Debug|ARM.ActiveCfg = Debug|Any CPU
		{5DB3B015-D0A3-4D6E-BE7F-2F89EE1BE837}.Debug|ARM.Build.0 = Debug|Any CPU
		{5DB3B015-D0A3-4D6E-BE7F-2F89EE1BE837}.Debug|iPhone.ActiveCfg = Debug|Any CPU
		{5DB3B015-D0A3-4D6E-BE7F-2F89EE1BE837}.Debug|iPhone.Build.0 = Debug|Any CPU
		{5DB3B015-D0A3-4D6E-BE7F-2F89EE1BE837}.Debug|iPhoneSimulator.ActiveCfg = Debug|Any CPU
		{5DB3B015-D0A3-4D6E-BE7F-2F89EE1BE837}.Debug|iPhoneSimulator.Build.0 = Debug|Any CPU
		{5DB3B015-D0A3-4D6E-BE7F-2F89EE1BE837}.Debug|x64.ActiveCfg = Debug|Any CPU
		{5DB3B015-D0A3-4D6E-BE7F-2F89EE1BE837}.Debug|x64.Build.0 = Debug|Any CPU
		{5DB3B015-D0A3-4D6E-BE7F-2F89EE1BE837}.Debug|x86.ActiveCfg = Debug|Any CPU
		{5DB3B015-D0A3-4D6E-BE7F-2F89EE1BE837}.Debug|x86.Build.0 = Debug|Any CPU
		{5DB3B015-D0A3-4D6E-BE7F-2F89EE1BE837}.Release|Any CPU.ActiveCfg = Release|Any CPU
		{5DB3B015-D0A3-4D6E-BE7F-2F89EE1BE837}.Release|Any CPU.Build.0 = Release|Any CPU
		{5DB3B015-D0A3-4D6E-BE7F-2F89EE1BE837}.Release|ARM.ActiveCfg = Release|Any CPU
		{5DB3B015-D0A3-4D6E-BE7F-2F89EE1BE837}.Release|ARM.Build.0 = Release|Any CPU
		{5DB3B015-D0A3-4D6E-BE7F-2F89EE1BE837}.Release|iPhone.ActiveCfg = Release|Any CPU
		{5DB3B015-D0A3-4D6E-BE7F-2F89EE1BE837}.Release|iPhone.Build.0 = Release|Any CPU
		{5DB3B015-D0A3-4D6E-BE7F-2F89EE1BE837}.Release|iPhoneSimulator.ActiveCfg = Release|Any CPU
		{5DB3B015-D0A3-4D6E-BE7F-2F89EE1BE837}.Release|iPhoneSimulator.Build.0 = Release|Any CPU
		{5DB3B015-D0A3-4D6E-BE7F-2F89EE1BE837}.Release|x64.ActiveCfg = Release|Any CPU
		{5DB3B015-D0A3-4D6E-BE7F-2F89EE1BE837}.Release|x64.Build.0 = Release|Any CPU
		{5DB3B015-D0A3-4D6E-BE7F-2F89EE1BE837}.Release|x86.ActiveCfg = Release|Any CPU
		{5DB3B015-D0A3-4D6E-BE7F-2F89EE1BE837}.Release|x86.Build.0 = Release|Any CPU
		{FFFD5DDA-5D79-4576-A9DD-7F46D2374AC9}.Debug|Any CPU.ActiveCfg = Debug|x86
		{FFFD5DDA-5D79-4576-A9DD-7F46D2374AC9}.Debug|ARM.ActiveCfg = Debug|ARM
		{FFFD5DDA-5D79-4576-A9DD-7F46D2374AC9}.Debug|ARM.Build.0 = Debug|ARM
		{FFFD5DDA-5D79-4576-A9DD-7F46D2374AC9}.Debug|ARM.Deploy.0 = Debug|ARM
		{FFFD5DDA-5D79-4576-A9DD-7F46D2374AC9}.Debug|iPhone.ActiveCfg = Debug|x86
		{FFFD5DDA-5D79-4576-A9DD-7F46D2374AC9}.Debug|iPhone.Build.0 = Debug|x86
		{FFFD5DDA-5D79-4576-A9DD-7F46D2374AC9}.Debug|iPhoneSimulator.ActiveCfg = Debug|x86
		{FFFD5DDA-5D79-4576-A9DD-7F46D2374AC9}.Debug|iPhoneSimulator.Build.0 = Debug|x86
		{FFFD5DDA-5D79-4576-A9DD-7F46D2374AC9}.Debug|x64.ActiveCfg = Debug|x64
		{FFFD5DDA-5D79-4576-A9DD-7F46D2374AC9}.Debug|x64.Build.0 = Debug|x64
		{FFFD5DDA-5D79-4576-A9DD-7F46D2374AC9}.Debug|x64.Deploy.0 = Debug|x64
		{FFFD5DDA-5D79-4576-A9DD-7F46D2374AC9}.Debug|x86.ActiveCfg = Debug|x86
		{FFFD5DDA-5D79-4576-A9DD-7F46D2374AC9}.Debug|x86.Build.0 = Debug|x86
		{FFFD5DDA-5D79-4576-A9DD-7F46D2374AC9}.Debug|x86.Deploy.0 = Debug|x86
		{FFFD5DDA-5D79-4576-A9DD-7F46D2374AC9}.Release|Any CPU.ActiveCfg = Release|ARM
		{FFFD5DDA-5D79-4576-A9DD-7F46D2374AC9}.Release|Any CPU.Build.0 = Release|ARM
		{FFFD5DDA-5D79-4576-A9DD-7F46D2374AC9}.Release|Any CPU.Deploy.0 = Release|ARM
		{FFFD5DDA-5D79-4576-A9DD-7F46D2374AC9}.Release|ARM.ActiveCfg = Release|ARM
		{FFFD5DDA-5D79-4576-A9DD-7F46D2374AC9}.Release|ARM.Build.0 = Release|ARM
		{FFFD5DDA-5D79-4576-A9DD-7F46D2374AC9}.Release|ARM.Deploy.0 = Release|ARM
		{FFFD5DDA-5D79-4576-A9DD-7F46D2374AC9}.Release|iPhone.ActiveCfg = Release|x86
		{FFFD5DDA-5D79-4576-A9DD-7F46D2374AC9}.Release|iPhone.Build.0 = Release|x86
		{FFFD5DDA-5D79-4576-A9DD-7F46D2374AC9}.Release|iPhoneSimulator.ActiveCfg = Release|x86
		{FFFD5DDA-5D79-4576-A9DD-7F46D2374AC9}.Release|iPhoneSimulator.Build.0 = Release|x86
		{FFFD5DDA-5D79-4576-A9DD-7F46D2374AC9}.Release|x64.ActiveCfg = Release|x64
		{FFFD5DDA-5D79-4576-A9DD-7F46D2374AC9}.Release|x64.Build.0 = Release|x64
		{FFFD5DDA-5D79-4576-A9DD-7F46D2374AC9}.Release|x64.Deploy.0 = Release|x64
		{FFFD5DDA-5D79-4576-A9DD-7F46D2374AC9}.Release|x86.ActiveCfg = Release|x86
		{FFFD5DDA-5D79-4576-A9DD-7F46D2374AC9}.Release|x86.Build.0 = Release|x86
		{FFFD5DDA-5D79-4576-A9DD-7F46D2374AC9}.Release|x86.Deploy.0 = Release|x86
		{647195C6-E969-49BC-ABEB-B30CE86690C2}.Debug|Any CPU.ActiveCfg = Debug|Any CPU
		{647195C6-E969-49BC-ABEB-B30CE86690C2}.Debug|Any CPU.Build.0 = Debug|Any CPU
		{647195C6-E969-49BC-ABEB-B30CE86690C2}.Debug|ARM.ActiveCfg = Debug|ARM
		{647195C6-E969-49BC-ABEB-B30CE86690C2}.Debug|ARM.Build.0 = Debug|ARM
		{647195C6-E969-49BC-ABEB-B30CE86690C2}.Debug|iPhone.ActiveCfg = Debug|Any CPU
		{647195C6-E969-49BC-ABEB-B30CE86690C2}.Debug|iPhone.Build.0 = Debug|Any CPU
		{647195C6-E969-49BC-ABEB-B30CE86690C2}.Debug|iPhoneSimulator.ActiveCfg = Debug|Any CPU
		{647195C6-E969-49BC-ABEB-B30CE86690C2}.Debug|iPhoneSimulator.Build.0 = Debug|Any CPU
		{647195C6-E969-49BC-ABEB-B30CE86690C2}.Debug|x64.ActiveCfg = Debug|x64
		{647195C6-E969-49BC-ABEB-B30CE86690C2}.Debug|x64.Build.0 = Debug|x64
		{647195C6-E969-49BC-ABEB-B30CE86690C2}.Debug|x86.ActiveCfg = Debug|x86
		{647195C6-E969-49BC-ABEB-B30CE86690C2}.Debug|x86.Build.0 = Debug|x86
		{647195C6-E969-49BC-ABEB-B30CE86690C2}.Release|Any CPU.ActiveCfg = Release|Any CPU
		{647195C6-E969-49BC-ABEB-B30CE86690C2}.Release|Any CPU.Build.0 = Release|Any CPU
		{647195C6-E969-49BC-ABEB-B30CE86690C2}.Release|ARM.ActiveCfg = Release|ARM
		{647195C6-E969-49BC-ABEB-B30CE86690C2}.Release|ARM.Build.0 = Release|ARM
		{647195C6-E969-49BC-ABEB-B30CE86690C2}.Release|iPhone.ActiveCfg = Release|Any CPU
		{647195C6-E969-49BC-ABEB-B30CE86690C2}.Release|iPhone.Build.0 = Release|Any CPU
		{647195C6-E969-49BC-ABEB-B30CE86690C2}.Release|iPhoneSimulator.ActiveCfg = Release|Any CPU
		{647195C6-E969-49BC-ABEB-B30CE86690C2}.Release|iPhoneSimulator.Build.0 = Release|Any CPU
		{647195C6-E969-49BC-ABEB-B30CE86690C2}.Release|x64.ActiveCfg = Release|x64
		{647195C6-E969-49BC-ABEB-B30CE86690C2}.Release|x64.Build.0 = Release|x64
		{647195C6-E969-49BC-ABEB-B30CE86690C2}.Release|x86.ActiveCfg = Release|x86
		{647195C6-E969-49BC-ABEB-B30CE86690C2}.Release|x86.Build.0 = Release|x86
	EndGlobalSection
	GlobalSection(SolutionProperties) = preSolution
		HideSolutionNode = FALSE
	EndGlobalSection
	GlobalSection(ExtensibilityGlobals) = postSolution
		SolutionGuid = {FE6DA58A-47BB-4D47-B3E8-B3A47B8236E1}
	EndGlobalSection
EndGlobal
